{
  "dependencies": {
    "i64": {
      "version": "http://nexus.lvxingpai.com/content/groups/npm-entry/i64/-/i64-0.5.8.tgz",
      "dependencies": {
        "microtime": {
          "version": "http://nexus.lvxingpai.com/content/groups/npm-entry/microtime/-/microtime-0.3.3.tgz",
          "dependencies": {
            "bindings": {
              "version": "http://nexus.lvxingpai.com/content/groups/npm-entry/bindings/-/bindings-1.0.0.tgz"
            }
          }
        },
        "validator": {
          "version": "http://nexus.lvxingpai.com/content/groups/npm-entry/validator/-/validator-1.5.1.tgz"
        },
        "int-encoder": {
          "version": "http://nexus.lvxingpai.com/content/groups/npm-entry/int-encoder/-/int-encoder-0.1.4.tgz",
          "dependencies": {
            "bignum": {
              "version": "http://nexus.lvxingpai.com/content/groups/npm-entry/bignum/-/bignum-0.10.1.tgz",
              "dependencies": {
                "nan": {
                  "version": "http://nexus.lvxingpai.com/content/groups/npm-entry/nan/-/nan-1.8.4.tgz"
                }
              }
            }
          }
        }
      }
    },
    "lxpthrift2": {
      "version": "http://nexus.lvxingpai.com/content/groups/npm-entry/lxpthrift2/-/lxpthrift2-0.0.6.tgz"
    },
    "thrift": {
      "version": "http://nexus.lvxingpai.com/content/groups/npm-entry/thrift/-/thrift-0.9.2.tgz",
      "dependencies": {
        "node-int64": {
          "version": "http://nexus.lvxingpai.com/content/groups/npm-entry/node-int64/-/node-int64-0.3.3.tgz"
        },
        "q": {
          "version": "http://nexus.lvxingpai.com/content/groups/npm-entry/q/-/q-1.0.1.tgz"
        },
        "nodeunit": {
          "version": "http://nexus.lvxingpai.com/content/groups/npm-entry/nodeunit/-/nodeunit-0.8.8.tgz",
          "dependencies": {
            "tap": {
              "version": "http://nexus.lvxingpai.com/content/groups/npm-entry/tap/-/tap-1.3.1.tgz",
              "dependencies": {
                "buffer-equal": {
                  "version": "http://nexus.lvxingpai.com/content/groups/npm-entry/buffer-equal/-/buffer-equal-0.0.1.tgz"
                },
                "coveralls": {
                  "version": "http://nexus.lvxingpai.com/content/groups/npm-entry/coveralls/-/coveralls-2.11.3.tgz",
                  "dependencies": {
                    "js-yaml": {
                      "version": "http://nexus.lvxingpai.com/content/groups/npm-entry/js-yaml/-/js-yaml-3.0.1.tgz",
                      "dependencies": {
                        "argparse": {
                          "version": "http://nexus.lvxingpai.com/content/groups/npm-entry/argparse/-/argparse-0.1.16.tgz",
                          "dependencies": {
                            "underscore": {
                              "version": "http://nexus.lvxingpai.com/content/groups/npm-entry/underscore/-/underscore-1.7.0.tgz"
                            },
                            "underscore.string": {
                              "version": "http://nexus.lvxingpai.com/content/groups/npm-entry/underscore.string/-/underscore.string-2.4.0.tgz"
                            }
                          }
                        },
                        "esprima": {
                          "version": "http://nexus.lvxingpai.com/content/groups/npm-entry/esprima/-/esprima-1.0.4.tgz"
                        }
                      }
                    },
                    "lcov-parse": {
                      "version": "http://nexus.lvxingpai.com/content/groups/npm-entry/lcov-parse/-/lcov-parse-0.0.6.tgz"
                    },
                    "log-driver": {
                      "version": "http://nexus.lvxingpai.com/content/groups/npm-entry/log-driver/-/log-driver-1.2.4.tgz"
                    },
                    "request": {
                      "version": "http://nexus.lvxingpai.com/content/groups/npm-entry/request/-/request-2.40.0.tgz",
                      "dependencies": {
                        "qs": {
                          "version": "http://nexus.lvxingpai.com/content/groups/npm-entry/qs/-/qs-1.0.2.tgz"
                        },
                        "json-stringify-safe": {
                          "version": "http://nexus.lvxingpai.com/content/groups/npm-entry/json-stringify-safe/-/json-stringify-safe-5.0.1.tgz"
                        },
                        "mime-types": {
                          "version": "http://nexus.lvxingpai.com/content/groups/npm-entry/mime-types/-/mime-types-1.0.2.tgz"
                        },
                        "forever-agent": {
                          "version": "http://nexus.lvxingpai.com/content/groups/npm-entry/forever-agent/-/forever-agent-0.5.2.tgz"
                        },
                        "node-uuid": {
                          "version": "http://nexus.lvxingpai.com/content/groups/npm-entry/node-uuid/-/node-uuid-1.4.3.tgz"
                        },
                        "tough-cookie": {
                          "version": "http://nexus.lvxingpai.com/content/groups/npm-entry/tough-cookie/-/tough-cookie-2.0.0.tgz"
                        },
                        "form-data": {
                          "version": "http://nexus.lvxingpai.com/content/groups/npm-entry/form-data/-/form-data-0.1.4.tgz",
                          "dependencies": {
                            "combined-stream": {
                              "version": "http://nexus.lvxingpai.com/content/groups/npm-entry/combined-stream/-/combined-stream-0.0.7.tgz",
                              "dependencies": {
                                "delayed-stream": {
                                  "version": "http://nexus.lvxingpai.com/content/groups/npm-entry/delayed-stream/-/delayed-stream-0.0.5.tgz"
                                }
                              }
                            },
                            "mime": {
                              "version": "http://nexus.lvxingpai.com/content/groups/npm-entry/mime/-/mime-1.2.11.tgz"
                            },
                            "async": {
                              "version": "http://nexus.lvxingpai.com/content/groups/npm-entry/async/-/async-0.9.2.tgz"
                            }
                          }
                        },
                        "tunnel-agent": {
                          "version": "http://nexus.lvxingpai.com/content/groups/npm-entry/tunnel-agent/-/tunnel-agent-0.4.1.tgz"
                        },
                        "http-signature": {
                          "version": "http://nexus.lvxingpai.com/content/groups/npm-entry/http-signature/-/http-signature-0.10.1.tgz",
                          "dependencies": {
                            "assert-plus": {
                              "version": "http://nexus.lvxingpai.com/content/groups/npm-entry/assert-plus/-/assert-plus-0.1.5.tgz"
                            },
                            "asn1": {
                              "version": "http://nexus.lvxingpai.com/content/groups/npm-entry/asn1/-/asn1-0.1.11.tgz"
                            },
                            "ctype": {
                              "version": "http://nexus.lvxingpai.com/content/groups/npm-entry/ctype/-/ctype-0.5.3.tgz"
                            }
                          }
                        },
                        "oauth-sign": {
                          "version": "http://nexus.lvxingpai.com/content/groups/npm-entry/oauth-sign/-/oauth-sign-0.3.0.tgz"
                        },
                        "hawk": {
                          "version": "http://nexus.lvxingpai.com/content/groups/npm-entry/hawk/-/hawk-1.1.1.tgz",
                          "dependencies": {
                            "hoek": {
                              "version": "http://nexus.lvxingpai.com/content/groups/npm-entry/hoek/-/hoek-0.9.1.tgz"
                            },
                            "boom": {
                              "version": "http://nexus.lvxingpai.com/content/groups/npm-entry/boom/-/boom-0.4.2.tgz"
                            },
                            "cryptiles": {
                              "version": "http://nexus.lvxingpai.com/content/groups/npm-entry/cryptiles/-/cryptiles-0.2.2.tgz"
                            },
                            "sntp": {
                              "version": "http://nexus.lvxingpai.com/content/groups/npm-entry/sntp/-/sntp-0.2.4.tgz"
                            }
                          }
                        },
                        "aws-sign2": {
                          "version": "http://nexus.lvxingpai.com/content/groups/npm-entry/aws-sign2/-/aws-sign2-0.5.0.tgz"
                        },
                        "stringstream": {
                          "version": "http://nexus.lvxingpai.com/content/groups/npm-entry/stringstream/-/stringstream-0.0.4.tgz"
                        }
                      }
                    }
                  }
                },
                "deep-equal": {
                  "version": "http://nexus.lvxingpai.com/content/groups/npm-entry/deep-equal/-/deep-equal-1.0.0.tgz"
                },
                "foreground-child": {
                  "version": "http://nexus.lvxingpai.com/content/groups/npm-entry/foreground-child/-/foreground-child-1.3.0.tgz"
                },
                "glob": {
                  "version": "http://nexus.lvxingpai.com/content/groups/npm-entry/glob/-/glob-5.0.14.tgz",
                  "dependencies": {
                    "inflight": {
                      "version": "http://nexus.lvxingpai.com/content/groups/npm-entry/inflight/-/inflight-1.0.4.tgz",
                      "dependencies": {
                        "wrappy": {
                          "version": "http://nexus.lvxingpai.com/content/groups/npm-entry/wrappy/-/wrappy-1.0.1.tgz"
                        }
                      }
                    },
                    "inherits": {
                      "version": "http://nexus.lvxingpai.com/content/groups/npm-entry/inherits/-/inherits-2.0.1.tgz"
                    },
                    "minimatch": {
                      "version": "http://nexus.lvxingpai.com/content/groups/npm-entry/minimatch/-/minimatch-2.0.10.tgz",
                      "dependencies": {
                        "brace-expansion": {
                          "version": "http://nexus.lvxingpai.com/content/groups/npm-entry/brace-expansion/-/brace-expansion-1.1.0.tgz",
                          "dependencies": {
                            "balanced-match": {
                              "version": "http://nexus.lvxingpai.com/content/groups/npm-entry/balanced-match/-/balanced-match-0.2.0.tgz"
                            },
                            "concat-map": {
                              "version": "http://nexus.lvxingpai.com/content/groups/npm-entry/concat-map/-/concat-map-0.0.1.tgz"
                            }
                          }
                        }
                      }
                    },
                    "once": {
                      "version": "http://nexus.lvxingpai.com/content/groups/npm-entry/once/-/once-1.3.2.tgz",
                      "dependencies": {
                        "wrappy": {
                          "version": "http://nexus.lvxingpai.com/content/groups/npm-entry/wrappy/-/wrappy-1.0.1.tgz"
                        }
                      }
                    },
                    "path-is-absolute": {
                      "version": "http://nexus.lvxingpai.com/content/groups/npm-entry/path-is-absolute/-/path-is-absolute-1.0.0.tgz"
                    }
                  }
                },
                "js-yaml": {
                  "version": "http://nexus.lvxingpai.com/content/groups/npm-entry/js-yaml/-/js-yaml-3.3.1.tgz",
                  "dependencies": {
                    "argparse": {
                      "version": "http://nexus.lvxingpai.com/content/groups/npm-entry/argparse/-/argparse-1.0.2.tgz",
                      "dependencies": {
                        "lodash": {
                          "version": "http://nexus.lvxingpai.com/content/groups/npm-entry/lodash/-/lodash-3.10.0.tgz"
                        },
                        "sprintf-js": {
                          "version": "http://nexus.lvxingpai.com/content/groups/npm-entry/sprintf-js/-/sprintf-js-1.0.3.tgz"
                        }
                      }
                    },
                    "esprima": {
                      "version": "http://nexus.lvxingpai.com/content/groups/npm-entry/esprima/-/esprima-2.2.0.tgz"
                    }
                  }
                },
                "mkdirp": {
                  "version": "http://nexus.lvxingpai.com/content/groups/npm-entry/mkdirp/-/mkdirp-0.5.1.tgz",
                  "dependencies": {
                    "minimist": {
                      "version": "http://nexus.lvxingpai.com/content/groups/npm-entry/minimist/-/minimist-0.0.8.tgz"
                    }
                  }
                },
                "nyc": {
                  "version": "http://nexus.lvxingpai.com/content/groups/npm-entry/nyc/-/nyc-2.4.0.tgz",
                  "dependencies": {
                    "istanbul": {
                      "version": "http://nexus.lvxingpai.com/content/groups/npm-entry/istanbul/-/istanbul-0.3.17.tgz",
                      "dependencies": {
                        "esprima": {
                          "version": "http://nexus.lvxingpai.com/content/groups/npm-entry/esprima/-/esprima-2.4.1.tgz"
                        },
                        "escodegen": {
                          "version": "http://nexus.lvxingpai.com/content/groups/npm-entry/escodegen/-/escodegen-1.6.1.tgz",
                          "dependencies": {
                            "estraverse": {
                              "version": "http://nexus.lvxingpai.com/content/groups/npm-entry/estraverse/-/estraverse-1.9.3.tgz"
                            },
                            "esutils": {
                              "version": "http://nexus.lvxingpai.com/content/groups/npm-entry/esutils/-/esutils-1.1.6.tgz"
                            },
                            "esprima": {
                              "version": "http://nexus.lvxingpai.com/content/groups/npm-entry/esprima/-/esprima-1.2.5.tgz"
                            },
                            "optionator": {
                              "version": "http://nexus.lvxingpai.com/content/groups/npm-entry/optionator/-/optionator-0.5.0.tgz",
                              "dependencies": {
                                "prelude-ls": {
                                  "version": "http://nexus.lvxingpai.com/content/groups/npm-entry/prelude-ls/-/prelude-ls-1.1.2.tgz"
                                },
                                "deep-is": {
                                  "version": "http://nexus.lvxingpai.com/content/groups/npm-entry/deep-is/-/deep-is-0.1.3.tgz"
                                },
                                "type-check": {
                                  "version": "http://nexus.lvxingpai.com/content/groups/npm-entry/type-check/-/type-check-0.3.1.tgz"
                                },
                                "levn": {
                                  "version": "http://nexus.lvxingpai.com/content/groups/npm-entry/levn/-/levn-0.2.5.tgz"
                                },
                                "fast-levenshtein": {
                                  "version": "http://nexus.lvxingpai.com/content/groups/npm-entry/fast-levenshtein/-/fast-levenshtein-1.0.6.tgz"
                                }
                              }
                            },
                            "source-map": {
                              "version": "http://nexus.lvxingpai.com/content/groups/npm-entry/source-map/-/source-map-0.1.43.tgz",
                              "dependencies": {
                                "amdefine": {
                                  "version": "http://nexus.lvxingpai.com/content/groups/npm-entry/amdefine/-/amdefine-1.0.0.tgz"
                                }
                              }
                            }
                          }
                        },
                        "handlebars": {
                          "version": "http://nexus.lvxingpai.com/content/groups/npm-entry/handlebars/-/handlebars-3.0.0.tgz",
                          "dependencies": {
                            "optimist": {
                              "version": "http://nexus.lvxingpai.com/content/groups/npm-entry/optimist/-/optimist-0.6.1.tgz",
                              "dependencies": {
                                "minimist": {
                                  "version": "http://nexus.lvxingpai.com/content/groups/npm-entry/minimist/-/minimist-0.0.10.tgz"
                                }
                              }
                            },
                            "source-map": {
                              "version": "http://nexus.lvxingpai.com/content/groups/npm-entry/source-map/-/source-map-0.1.43.tgz",
                              "dependencies": {
                                "amdefine": {
                                  "version": "http://nexus.lvxingpai.com/content/groups/npm-entry/amdefine/-/amdefine-1.0.0.tgz"
                                }
                              }
                            },
                            "uglify-js": {
                              "version": "http://nexus.lvxingpai.com/content/groups/npm-entry/uglify-js/-/uglify-js-2.3.6.tgz",
                              "dependencies": {
                                "async": {
                                  "version": "http://nexus.lvxingpai.com/content/groups/npm-entry/async/-/async-0.2.10.tgz"
                                },
                                "optimist": {
                                  "version": "http://nexus.lvxingpai.com/content/groups/npm-entry/optimist/-/optimist-0.3.7.tgz"
                                }
                              }
                            }
                          }
                        },
                        "nopt": {
                          "version": "http://nexus.lvxingpai.com/content/groups/npm-entry/nopt/-/nopt-3.0.3.tgz"
                        },
                        "fileset": {
                          "version": "http://nexus.lvxingpai.com/content/groups/npm-entry/fileset/-/fileset-0.2.1.tgz",
                          "dependencies": {
                            "minimatch": {
                              "version": "http://nexus.lvxingpai.com/content/groups/npm-entry/minimatch/-/minimatch-2.0.10.tgz",
                              "dependencies": {
                                "brace-expansion": {
                                  "version": "http://nexus.lvxingpai.com/content/groups/npm-entry/brace-expansion/-/brace-expansion-1.1.0.tgz",
                                  "dependencies": {
                                    "balanced-match": {
                                      "version": "http://nexus.lvxingpai.com/content/groups/npm-entry/balanced-match/-/balanced-match-0.2.0.tgz"
                                    },
                                    "concat-map": {
                                      "version": "http://nexus.lvxingpai.com/content/groups/npm-entry/concat-map/-/concat-map-0.0.1.tgz"
                                    }
                                  }
                                }
                              }
                            }
                          }
                        },
                        "which": {
                          "version": "http://nexus.lvxingpai.com/content/groups/npm-entry/which/-/which-1.0.9.tgz"
                        },
                        "async": {
                          "version": "http://nexus.lvxingpai.com/content/groups/npm-entry/async/-/async-1.4.0.tgz"
                        },
                        "abbrev": {
                          "version": "http://nexus.lvxingpai.com/content/groups/npm-entry/abbrev/-/abbrev-1.0.7.tgz"
                        },
                        "wordwrap": {
                          "version": "http://nexus.lvxingpai.com/content/groups/npm-entry/wordwrap/-/wordwrap-0.0.3.tgz"
                        },
                        "resolve": {
                          "version": "http://nexus.lvxingpai.com/content/groups/npm-entry/resolve/-/resolve-1.1.6.tgz"
                        },
                        "once": {
                          "version": "http://nexus.lvxingpai.com/content/groups/npm-entry/once/-/once-1.3.2.tgz",
                          "dependencies": {
                            "wrappy": {
                              "version": "http://nexus.lvxingpai.com/content/groups/npm-entry/wrappy/-/wrappy-1.0.1.tgz"
                            }
                          }
                        }
                      }
                    },
                    "lodash": {
                      "version": "http://nexus.lvxingpai.com/content/groups/npm-entry/lodash/-/lodash-3.10.0.tgz"
                    },
                    "rimraf": {
                      "version": "http://nexus.lvxingpai.com/content/groups/npm-entry/rimraf/-/rimraf-2.4.2.tgz"
                    },
                    "spawn-wrap": {
                      "version": "http://nexus.lvxingpai.com/content/groups/npm-entry/spawn-wrap/-/spawn-wrap-1.0.1.tgz"
                    },
                    "strip-bom": {
                      "version": "http://nexus.lvxingpai.com/content/groups/npm-entry/strip-bom/-/strip-bom-1.0.0.tgz",
                      "dependencies": {
                        "first-chunk-stream": {
                          "version": "http://nexus.lvxingpai.com/content/groups/npm-entry/first-chunk-stream/-/first-chunk-stream-1.0.0.tgz"
                        },
                        "is-utf8": {
                          "version": "http://nexus.lvxingpai.com/content/groups/npm-entry/is-utf8/-/is-utf8-0.2.0.tgz"
                        }
                      }
                    },
                    "yargs": {
                      "version": "http://nexus.lvxingpai.com/content/groups/npm-entry/yargs/-/yargs-3.16.1.tgz",
                      "dependencies": {
                        "camelcase": {
                          "version": "http://nexus.lvxingpai.com/content/groups/npm-entry/camelcase/-/camelcase-1.2.0.tgz"
                        },
                        "cliui": {
                          "version": "http://nexus.lvxingpai.com/content/groups/npm-entry/cliui/-/cliui-2.1.0.tgz",
                          "dependencies": {
                            "center-align": {
                              "version": "http://nexus.lvxingpai.com/content/groups/npm-entry/center-align/-/center-align-0.1.1.tgz",
                              "dependencies": {
                                "align-text": {
                                  "version": "http://nexus.lvxingpai.com/content/groups/npm-entry/align-text/-/align-text-0.1.3.tgz",
                                  "dependencies": {
                                    "kind-of": {
                                      "version": "http://nexus.lvxingpai.com/content/groups/npm-entry/kind-of/-/kind-of-2.0.0.tgz"
                                    },
                                    "longest": {
                                      "version": "http://nexus.lvxingpai.com/content/groups/npm-entry/longest/-/longest-1.0.1.tgz"
                                    },
                                    "repeat-string": {
                                      "version": "http://nexus.lvxingpai.com/content/groups/npm-entry/repeat-string/-/repeat-string-1.5.2.tgz"
                                    }
                                  }
                                }
                              }
                            },
                            "right-align": {
                              "version": "http://nexus.lvxingpai.com/content/groups/npm-entry/right-align/-/right-align-0.1.3.tgz",
                              "dependencies": {
                                "align-text": {
                                  "version": "http://nexus.lvxingpai.com/content/groups/npm-entry/align-text/-/align-text-0.1.3.tgz",
                                  "dependencies": {
                                    "kind-of": {
                                      "version": "http://nexus.lvxingpai.com/content/groups/npm-entry/kind-of/-/kind-of-2.0.0.tgz"
                                    },
                                    "longest": {
                                      "version": "http://nexus.lvxingpai.com/content/groups/npm-entry/longest/-/longest-1.0.1.tgz"
                                    },
                                    "repeat-string": {
                                      "version": "http://nexus.lvxingpai.com/content/groups/npm-entry/repeat-string/-/repeat-string-1.5.2.tgz"
                                    }
                                  }
                                }
                              }
                            },
                            "wordwrap": {
                              "version": "http://nexus.lvxingpai.com/content/groups/npm-entry/wordwrap/-/wordwrap-0.0.2.tgz"
                            }
                          }
                        },
                        "decamelize": {
                          "version": "http://nexus.lvxingpai.com/content/groups/npm-entry/decamelize/-/decamelize-1.0.0.tgz"
                        },
                        "window-size": {
                          "version": "http://nexus.lvxingpai.com/content/groups/npm-entry/window-size/-/window-size-0.1.2.tgz"
                        },
                        "y18n": {
                          "version": "http://nexus.lvxingpai.com/content/groups/npm-entry/y18n/-/y18n-3.0.0.tgz"
                        }
                      }
                    }
                  }
                },
                "opener": {
                  "version": "http://nexus.lvxingpai.com/content/groups/npm-entry/opener/-/opener-1.4.1.tgz"
                },
                "signal-exit": {
                  "version": "http://nexus.lvxingpai.com/content/groups/npm-entry/signal-exit/-/signal-exit-2.1.2.tgz"
                },
                "supports-color": {
                  "version": "http://nexus.lvxingpai.com/content/groups/npm-entry/supports-color/-/supports-color-1.3.1.tgz"
                },
                "tap-mocha-reporter": {
                  "version": "http://nexus.lvxingpai.com/content/groups/npm-entry/tap-mocha-reporter/-/tap-mocha-reporter-0.0.16.tgz",
                  "dependencies": {
                    "debug": {
                      "version": "http://nexus.lvxingpai.com/content/groups/npm-entry/debug/-/debug-2.2.0.tgz",
                      "dependencies": {
                        "ms": {
                          "version": "http://nexus.lvxingpai.com/content/groups/npm-entry/ms/-/ms-0.7.1.tgz"
                        }
                      }
                    },
                    "diff": {
                      "version": "http://nexus.lvxingpai.com/content/groups/npm-entry/diff/-/diff-1.4.0.tgz"
                    },
                    "escape-string-regexp": {
                      "version": "http://nexus.lvxingpai.com/content/groups/npm-entry/escape-string-regexp/-/escape-string-regexp-1.0.3.tgz"
                    },
                    "unicode-length": {
                      "version": "http://nexus.lvxingpai.com/content/groups/npm-entry/unicode-length/-/unicode-length-1.0.0.tgz",
                      "dependencies": {
                        "chalk": {
                          "version": "http://nexus.lvxingpai.com/content/groups/npm-entry/chalk/-/chalk-1.1.0.tgz",
                          "dependencies": {
                            "ansi-styles": {
                              "version": "http://nexus.lvxingpai.com/content/groups/npm-entry/ansi-styles/-/ansi-styles-2.1.0.tgz"
                            },
                            "has-ansi": {
                              "version": "http://nexus.lvxingpai.com/content/groups/npm-entry/has-ansi/-/has-ansi-2.0.0.tgz",
                              "dependencies": {
                                "ansi-regex": {
                                  "version": "http://nexus.lvxingpai.com/content/groups/npm-entry/ansi-regex/-/ansi-regex-2.0.0.tgz"
                                }
                              }
                            },
                            "strip-ansi": {
                              "version": "http://nexus.lvxingpai.com/content/groups/npm-entry/strip-ansi/-/strip-ansi-3.0.0.tgz",
                              "dependencies": {
                                "ansi-regex": {
                                  "version": "http://nexus.lvxingpai.com/content/groups/npm-entry/ansi-regex/-/ansi-regex-2.0.0.tgz"
                                }
                              }
                            },
                            "supports-color": {
                              "version": "http://nexus.lvxingpai.com/content/groups/npm-entry/supports-color/-/supports-color-2.0.0.tgz"
                            }
                          }
                        },
                        "lodash": {
                          "version": "http://nexus.lvxingpai.com/content/groups/npm-entry/lodash/-/lodash-3.10.0.tgz"
                        },
                        "punycode": {
                          "version": "http://nexus.lvxingpai.com/content/groups/npm-entry/punycode/-/punycode-1.3.2.tgz"
                        }
                      }
                    }
                  }
                },
                "tap-parser": {
                  "version": "http://nexus.lvxingpai.com/content/groups/npm-entry/tap-parser/-/tap-parser-1.1.6.tgz",
                  "dependencies": {
                    "events-to-array": {
                      "version": "http://nexus.lvxingpai.com/content/groups/npm-entry/events-to-array/-/events-to-array-1.0.2.tgz"
                    },
                    "inherits": {
                      "version": "http://nexus.lvxingpai.com/content/groups/npm-entry/inherits/-/inherits-2.0.1.tgz"
                    }
                  }
                },
                "readable-stream": {
                  "version": "http://nexus.lvxingpai.com/content/groups/npm-entry/readable-stream/-/readable-stream-1.1.13.tgz",
                  "dependencies": {
                    "core-util-is": {
                      "version": "http://nexus.lvxingpai.com/content/groups/npm-entry/core-util-is/-/core-util-is-1.0.1.tgz"
                    },
                    "isarray": {
                      "version": "http://nexus.lvxingpai.com/content/groups/npm-entry/isarray/-/isarray-0.0.1.tgz"
                    },
                    "string_decoder": {
                      "version": "http://nexus.lvxingpai.com/content/groups/npm-entry/string_decoder/-/string_decoder-0.10.31.tgz"
                    },
                    "inherits": {
                      "version": "http://nexus.lvxingpai.com/content/groups/npm-entry/inherits/-/inherits-2.0.1.tgz"
                    }
                  }
                }
              }
            }
          }
        }
      }
    }
  }
}
