{
  "dependencies": {
    "lxpthrift": {
      "version": "http://nexus.lvxingpai.com/content/groups/npm-entry/lxpthrift/-/lxpthrift-0.0.2.tgz"
    },
    "thrift": {
      "version": "http://nexus.lvxingpai.com/content/groups/npm-entry/thrift/-/thrift-0.9.2.tgz",
      "dependencies": {
        "node-int64": {
          "version": "0.3.3"
        },
        "q": {
          "version": "1.0.1"
        },
        "nodeunit": {
          "version": "0.8.8",
          "dependencies": {
            "tap": {
              "version": "1.2.0",
              "dependencies": {
                "buffer-equal": {
                  "version": "0.0.1"
                },
                "coveralls": {
                  "version": "2.11.2",
                  "dependencies": {
                    "js-yaml": {
                      "version": "3.0.1",
                      "dependencies": {
                        "argparse": {
                          "version": "0.1.16",
                          "dependencies": {
                            "underscore": {
                              "version": "1.7.0"
                            },
                            "underscore.string": {
                              "version": "2.4.0"
                            }
                          }
                        },
                        "esprima": {
                          "version": "1.0.4"
                        }
                      }
                    },
                    "lcov-parse": {
                      "version": "http://nexus.lvxingpai.com/content/groups/npm-entry/lcov-parse/-/lcov-parse-0.0.6.tgz"
                    },
                    "log-driver": {
                      "version": "http://nexus.lvxingpai.com/content/groups/npm-entry/log-driver/-/log-driver-1.2.4.tgz"
                    },
                    "request": {
                      "version": "http://nexus.lvxingpai.com/content/groups/npm-entry/request/-/request-2.40.0.tgz",
                      "dependencies": {
                        "qs": {
                          "version": "1.0.2"
                        },
                        "json-stringify-safe": {
                          "version": "5.0.1"
                        },
                        "mime-types": {
                          "version": "1.0.2"
                        },
                        "forever-agent": {
                          "version": "0.5.2"
                        },
                        "node-uuid": {
                          "version": "1.4.3"
                        },
                        "tough-cookie": {
                          "version": "1.2.0"
                        },
                        "form-data": {
                          "version": "0.1.4",
                          "dependencies": {
                            "combined-stream": {
                              "version": "0.0.7",
                              "dependencies": {
                                "delayed-stream": {
                                  "version": "http://nexus.lvxingpai.com/content/groups/npm-entry/delayed-stream/-/delayed-stream-0.0.5.tgz"
                                }
                              }
                            },
                            "mime": {
                              "version": "1.2.11"
                            },
                            "async": {
                              "version": "0.9.2"
                            }
                          }
                        },
                        "tunnel-agent": {
                          "version": "0.4.0"
                        },
                        "http-signature": {
                          "version": "0.10.1",
                          "dependencies": {
                            "assert-plus": {
                              "version": "0.1.5"
                            },
                            "asn1": {
                              "version": "http://nexus.lvxingpai.com/content/groups/npm-entry/asn1/-/asn1-0.1.11.tgz"
                            },
                            "ctype": {
                              "version": "http://nexus.lvxingpai.com/content/groups/npm-entry/ctype/-/ctype-0.5.3.tgz"
                            }
                          }
                        },
                        "oauth-sign": {
                          "version": "0.3.0"
                        },
                        "hawk": {
                          "version": "http://nexus.lvxingpai.com/content/groups/npm-entry/hawk/-/hawk-1.1.1.tgz",
                          "dependencies": {
                            "hoek": {
                              "version": "0.9.1"
                            },
                            "boom": {
                              "version": "0.4.2"
                            },
                            "cryptiles": {
                              "version": "0.2.2"
                            },
                            "sntp": {
                              "version": "0.2.4"
                            }
                          }
                        },
                        "aws-sign2": {
                          "version": "0.5.0"
                        },
                        "stringstream": {
                          "version": "0.0.4"
                        }
                      }
                    }
                  }
                },
                "deep-equal": {
                  "version": "1.0.0"
                },
                "foreground-child": {
                  "version": "1.2.0"
                },
                "glob": {
                  "version": "5.0.10",
                  "dependencies": {
                    "inflight": {
                      "version": "1.0.4",
                      "dependencies": {
                        "wrappy": {
                          "version": "1.0.1"
                        }
                      }
                    },
                    "inherits": {
                      "version": "2.0.1"
                    },
                    "minimatch": {
                      "version": "2.0.8",
                      "dependencies": {
                        "brace-expansion": {
                          "version": "1.1.0",
                          "dependencies": {
                            "balanced-match": {
                              "version": "0.2.0"
                            },
                            "concat-map": {
                              "version": "http://nexus.lvxingpai.com/content/groups/npm-entry/concat-map/-/concat-map-0.0.1.tgz"
                            }
                          }
                        }
                      }
                    },
                    "once": {
                      "version": "1.3.2",
                      "dependencies": {
                        "wrappy": {
                          "version": "1.0.1"
                        }
                      }
                    },
                    "path-is-absolute": {
                      "version": "1.0.0"
                    }
                  }
                },
                "js-yaml": {
                  "version": "3.3.1",
                  "dependencies": {
                    "argparse": {
                      "version": "1.0.2",
                      "dependencies": {
                        "lodash": {
                          "version": "3.9.3"
                        },
                        "sprintf-js": {
                          "version": "1.0.2"
                        }
                      }
                    },
                    "esprima": {
                      "version": "2.2.0"
                    }
                  }
                },
                "mkdirp": {
                  "version": "0.5.1",
                  "dependencies": {
                    "minimist": {
                      "version": "http://nexus.lvxingpai.com/content/groups/npm-entry/minimist/-/minimist-0.0.8.tgz"
                    }
                  }
                },
                "nyc": {
                  "version": "2.3.0",
                  "dependencies": {
                    "istanbul": {
                      "version": "0.3.15",
                      "dependencies": {
                        "esprima": {
                          "version": "2.1.0"
                        },
                        "escodegen": {
                          "version": "1.6.1",
                          "dependencies": {
                            "estraverse": {
                              "version": "1.9.3"
                            },
                            "esutils": {
                              "version": "1.1.6"
                            },
                            "esprima": {
                              "version": "1.2.5"
                            },
                            "optionator": {
                              "version": "0.5.0",
                              "dependencies": {
                                "prelude-ls": {
                                  "version": "1.1.2"
                                },
                                "deep-is": {
                                  "version": "0.1.3"
                                },
                                "type-check": {
                                  "version": "0.3.1"
                                },
                                "levn": {
                                  "version": "0.2.5"
                                },
                                "fast-levenshtein": {
                                  "version": "1.0.6"
                                }
                              }
                            },
                            "source-map": {
                              "version": "0.1.43",
                              "dependencies": {
                                "amdefine": {
                                  "version": "0.1.1"
                                }
                              }
                            }
                          }
                        },
                        "handlebars": {
                          "version": "http://nexus.lvxingpai.com/content/groups/npm-entry/handlebars/-/handlebars-3.0.0.tgz",
                          "dependencies": {
                            "optimist": {
                              "version": "0.6.1",
                              "dependencies": {
                                "minimist": {
                                  "version": "0.0.10"
                                }
                              }
                            },
                            "source-map": {
                              "version": "0.1.43",
                              "dependencies": {
                                "amdefine": {
                                  "version": "0.1.1"
                                }
                              }
                            },
                            "uglify-js": {
                              "version": "2.3.6",
                              "dependencies": {
                                "async": {
                                  "version": "0.2.10"
                                },
                                "optimist": {
                                  "version": "0.3.7"
                                }
                              }
                            }
                          }
                        },
                        "nopt": {
                          "version": "3.0.2"
                        },
                        "fileset": {
                          "version": "http://nexus.lvxingpai.com/content/groups/npm-entry/fileset/-/fileset-0.1.6.tgz",
                          "dependencies": {
                            "minimatch": {
                              "version": "0.4.0",
                              "dependencies": {
                                "lru-cache": {
                                  "version": "2.6.4"
                                },
                                "sigmund": {
                                  "version": "1.0.1"
                                }
                              }
                            }
                          }
                        },
                        "which": {
                          "version": "1.0.9"
                        },
                        "async": {
                          "version": "0.9.2"
                        },
                        "abbrev": {
                          "version": "1.0.7"
                        },
                        "wordwrap": {
                          "version": "0.0.3"
                        },
                        "resolve": {
                          "version": "1.1.6"
                        },
                        "once": {
                          "version": "1.3.2",
                          "dependencies": {
                            "wrappy": {
                              "version": "1.0.1"
                            }
                          }
                        }
                      }
                    },
                    "lodash": {
                      "version": "3.9.3"
                    },
                    "rimraf": {
                      "version": "2.4.0",
                      "dependencies": {
                        "glob": {
                          "version": "4.5.3",
                          "dependencies": {
                            "inflight": {
                              "version": "1.0.4",
                              "dependencies": {
                                "wrappy": {
                                  "version": "1.0.1"
                                }
                              }
                            },
                            "inherits": {
                              "version": "2.0.1"
                            },
                            "minimatch": {
                              "version": "2.0.8",
                              "dependencies": {
                                "brace-expansion": {
                                  "version": "1.1.0",
                                  "dependencies": {
                                    "balanced-match": {
                                      "version": "0.2.0"
                                    },
                                    "concat-map": {
                                      "version": "http://nexus.lvxingpai.com/content/groups/npm-entry/concat-map/-/concat-map-0.0.1.tgz"
                                    }
                                  }
                                }
                              }
                            },
                            "once": {
                              "version": "1.3.2",
                              "dependencies": {
                                "wrappy": {
                                  "version": "1.0.1"
                                }
                              }
                            }
                          }
                        }
                      }
                    },
                    "spawn-wrap": {
                      "version": "1.0.1"
                    },
                    "strip-bom": {
                      "version": "1.0.0",
                      "dependencies": {
                        "first-chunk-stream": {
                          "version": "1.0.0"
                        },
                        "is-utf8": {
                          "version": "0.2.0"
                        }
                      }
                    },
                    "yargs": {
                      "version": "3.10.0",
                      "dependencies": {
                        "camelcase": {
                          "version": "1.1.0"
                        },
                        "cliui": {
                          "version": "2.1.0",
                          "dependencies": {
                            "center-align": {
                              "version": "0.1.1",
                              "dependencies": {
                                "align-text": {
                                  "version": "0.1.3",
                                  "dependencies": {
                                    "kind-of": {
                                      "version": "2.0.0"
                                    },
                                    "longest": {
                                      "version": "1.0.1"
                                    },
                                    "repeat-string": {
                                      "version": "1.5.2"
                                    }
                                  }
                                }
                              }
                            },
                            "right-align": {
                              "version": "0.1.3",
                              "dependencies": {
                                "align-text": {
                                  "version": "0.1.3",
                                  "dependencies": {
                                    "kind-of": {
                                      "version": "2.0.0"
                                    },
                                    "longest": {
                                      "version": "1.0.1"
                                    },
                                    "repeat-string": {
                                      "version": "1.5.2"
                                    }
                                  }
                                }
                              }
                            },
                            "wordwrap": {
                              "version": "http://nexus.lvxingpai.com/content/groups/npm-entry/wordwrap/-/wordwrap-0.0.2.tgz"
                            }
                          }
                        },
                        "decamelize": {
                          "version": "1.0.0"
                        },
                        "window-size": {
                          "version": "http://nexus.lvxingpai.com/content/groups/npm-entry/window-size/-/window-size-0.1.0.tgz"
                        }
                      }
                    }
                  }
                },
                "opener": {
                  "version": "1.4.1"
                },
                "signal-exit": {
                  "version": "2.1.2"
                },
                "supports-color": {
                  "version": "1.3.1"
                },
                "tap-mocha-reporter": {
                  "version": "http://nexus.lvxingpai.com/content/groups/npm-entry/tap-mocha-reporter/-/tap-mocha-reporter-0.0.14.tgz",
                  "dependencies": {
                    "debug": {
                      "version": "2.2.0",
                      "dependencies": {
                        "ms": {
                          "version": "http://nexus.lvxingpai.com/content/groups/npm-entry/ms/-/ms-0.7.1.tgz"
                        }
                      }
                    },
                    "diff": {
                      "version": "1.4.0"
                    },
                    "escape-string-regexp": {
                      "version": "1.0.3"
                    }
                  }
                },
                "tap-parser": {
                  "version": "1.1.6",
                  "dependencies": {
                    "events-to-array": {
                      "version": "1.0.2"
                    },
                    "inherits": {
                      "version": "2.0.1"
                    }
                  }
                },
                "readable-stream": {
                  "version": "1.1.13",
                  "dependencies": {
                    "core-util-is": {
                      "version": "1.0.1"
                    },
                    "isarray": {
                      "version": "http://nexus.lvxingpai.com/content/groups/npm-entry/isarray/-/isarray-0.0.1.tgz"
                    },
                    "string_decoder": {
                      "version": "0.10.31"
                    },
                    "inherits": {
                      "version": "2.0.1"
                    }
                  }
                }
              }
            }
          }
        }
      }
    }
  }
}
